
Microsoft Visual Studio Solution File, Format Version 12.00
# Visual Studio Version 16
VisualStudioVersion = 16.0.30413.136
MinimumVisualStudioVersion = 10.0.40219.1
Project("{FAE04EC0-301F-11D3-BF4B-00C04F79EFBC}") = "MovieWeb", "MovieWeb\MovieWeb.csproj", "{62DA301F-F327-4400-81CD-D3C4824875A2}"
EndProject
Project("{FAE04EC0-301F-11D3-BF4B-00C04F79EFBC}") = "MovieData", "MovieData\MovieData.csproj", "{B6E3A701-401D-46A0-987E-C46556877C0F}"
EndProject
Global
	GlobalSection(SolutionConfigurationPlatforms) = preSolution
		Debug|Any CPU = Debug|Any CPU
		Release|Any CPU = Release|Any CPU
	EndGlobalSection
	GlobalSection(ProjectConfigurationPlatforms) = postSolution
		{62DA301F-F327-4400-81CD-D3C4824875A2}.Debug|Any CPU.ActiveCfg = Debug|Any CPU
		{62DA301F-F327-4400-81CD-D3C4824875A2}.Debug|Any CPU.Build.0 = Debug|Any CPU
		{62DA301F-F327-4400-81CD-D3C4824875A2}.Release|Any CPU.ActiveCfg = Release|Any CPU
		{62DA301F-F327-4400-81CD-D3C4824875A2}.Release|Any CPU.Build.0 = Release|Any CPU
		{B6E3A701-401D-46A0-987E-C46556877C0F}.Debug|Any CPU.ActiveCfg = Debug|Any CPU
		{B6E3A701-401D-46A0-987E-C46556877C0F}.Debug|Any CPU.Build.0 = Debug|Any CPU
		{B6E3A701-401D-46A0-987E-C46556877C0F}.Release|Any CPU.ActiveCfg = Release|Any CPU
		{B6E3A701-401D-46A0-987E-C46556877C0F}.Release|Any CPU.Build.0 = Release|Any CPU
	EndGlobalSection
	GlobalSection(SolutionProperties) = preSolution
		HideSolutionNode = FALSE
	EndGlobalSection
	GlobalSection(ExtensibilityGlobals) = postSolution
		SolutionGuid = {EE197ED0-27D6-4091-B01B-D5D3D328D2AA}
	EndGlobalSection
EndGlobal
